{
    "_meta": {
        "hash": {
            "sha256": "3444e1ed387e5c11a745d147d84b898aa117ab8d3fc95cb01dc0e1b2dda727e7"
        },
        "pipfile-spec": 6,
        "requires": {
            "python_version": "3"
        },
        "sources": [
            {
                "name": "pypi",
                "url": "https://pypi.org/simple",
                "verify_ssl": true
            }
        ]
    },
    "default": {
        "attrs": {
            "hashes": [
                "sha256:29e95c7f6778868dbd49170f98f8818f78f3dc5e0e37c0b1f474e3561b240836",
                "sha256:c9227bfc2f01993c03f68db37d1d15c9690188323c067c641f1a35ca58185f99"
            ],
            "markers": "python_version >= '3.6'",
            "version": "==22.2.0"
        },
        "cattrs": {
            "hashes": [
                "sha256:bc12b1f0d000b9f9bee83335887d532a1d3e99a833d1bf0882151c97d3e68c21",
                "sha256:f0eed5642399423cf656e7b66ce92cdc5b963ecafd041d1b24d136fdde7acf6d"
            ],
            "markers": "python_version >= '3.7'",
            "version": "==22.2.0"
        },
        "cdktf": {
            "hashes": [
                "sha256:628ead84ce3b9a6187cd6aafa12ce7d1959a24e1ea6c9daec0092472074c3ec0",
                "sha256:674c0c3b66024ddbcf45051ea9651e56db40af09bb04d85298322c3e4d948d20"
            ],
            "index": "pypi",
            "version": "==0.15.0"
        },
        "cdktf-cdktf-provider-google-beta": {
            "hashes": [
                "sha256:af0ad8540c5acf7e1f299a2d39d245a7a0da6c651b6d6b1d1dbe230896de6fcd",
                "sha256:cfa50e8c40eb36f2634f240bdc6d994c749d9f5f70f5ccb63fde14a8190d4dd3"
            ],
            "index": "pypi",
            "version": "==5.0.0"
        },
        "cdktf-cdktf-provider-local": {
            "hashes": [
                "sha256:30ce2fb4364d73263daf2c0a05bf1ea0c4fde3a40f4162cc0885a193548cc92a",
                "sha256:7dd1f31155c8f95082e5b4751d586be2fd571ed47a4366ff1c9e0b555db1a358"
            ],
            "index": "pypi",
            "version": "==5.0.0"
        },
        "constructs": {
            "hashes": [
                "sha256:642fe6ea5f6b866ef03b9cd6a406b75859d25e52db7e3f2114d4c3aaf05791e8",
                "sha256:97e20cfb845c16d87f039df8e92a6505f147a32f7206a9bcd7f2c3088549b011"
            ],
            "markers": "python_version ~= '3.7'",
            "version": "==10.1.223"
        },
        "exceptiongroup": {
            "hashes": [
                "sha256:327cbda3da756e2de031a3107b81ab7b3770a602c4d16ca618298c526f4bec1e",
                "sha256:bcb67d800a4497e1b404c2dd44fca47d3b7a5e5433dbab67f96c1a685cdfdf23"
            ],
            "markers": "python_version < '3.11'",
            "version": "==1.1.0"
        },
        "jsii": {
            "hashes": [
                "sha256:13e8496c3afee70d85401ad1eef2ddedbdb88e7e7abb3e68302dd6e61527191e",
                "sha256:be6458236e787be0b02c2fe869b6f4ed906398b6cc537190d61a60d2b5c9dfbb"
            ],
            "markers": "python_version ~= '3.7'",
            "version": "==1.73.0"
        },
        "publication": {
            "hashes": [
                "sha256:0248885351febc11d8a1098d5c8e3ab2dabcf3e8c0c96db1e17ecd12b53afbe6",
                "sha256:68416a0de76dddcdd2930d1c8ef853a743cc96c82416c4e4d3b5d901c6276dc4"
            ],
            "version": "==0.0.3"
        },
        "python-dateutil": {
            "hashes": [
                "sha256:0123cacc1627ae19ddf3c27a5de5bd67ee4586fbdd6440d9748f8abb483d3e86",
                "sha256:961d03dc3453ebbc59dbdea9e4e11c5651520a876d0f4db161e8674aae935da9"
            ],
            "markers": "python_version >= '2.7' and python_version not in '3.0, 3.1, 3.2, 3.3'",
            "version": "==2.8.2"
        },
        "six": {
            "hashes": [
                "sha256:1e61c37477a1626458e36f7b1d82aa5c9b094fa4802892072e49de9c60c4c926",
                "sha256:8abb2f1d86890a2dfb989f9a77cfcfd3e47c2a354b01111771326f8aa26e0254"
            ],
            "markers": "python_version >= '2.7' and python_version not in '3.0, 3.1, 3.2, 3.3'",
            "version": "==1.16.0"
        },
        "typeguard": {
            "hashes": [
                "sha256:00edaa8da3a133674796cf5ea87d9f4b4c367d77476e185e80251cc13dfbb8c4",
                "sha256:5e3e3be01e887e7eafae5af63d1f36c849aaa94e3a0112097312aabfa16284f1"
            ],
            "markers": "python_full_version >= '3.5.3'",
            "version": "==2.13.3"
        },
        "typing-extensions": {
            "hashes": [
                "sha256:1511434bb92bf8dd198c12b1cc812e800d4181cfcb867674e0f8279cc93087aa",
                "sha256:16fa4864408f655d35ec496218b85f79b3437c829e93320c7c9215ccfd92489e"
            ],
            "markers": "python_version >= '3.7'",
            "version": "==4.4.0"
        }
    },
    "develop": {}
}
